<Solution>
  <Folder Name="/samples/">
    <Project Path="samples/Workbench/Workbench.csproj" />
  </Folder>
  <Folder Name="/src/">
    <Project Path="src/InteractiveReport.AspNetCore/InteractiveReport.AspNetCore.csproj" />
    <Project Path="src/InteractiveReport.Core/InteractiveReport.Core.csproj" />
    <Project Path="src/InteractiveReport.GraphQL/InteractiveReport.GraphQL.csproj" />
  </Folder>
  <Folder Name="/tests/">
    <Project Path="tests/InteractiveReport.AspNetCore.Tests/InteractiveReport.AspNetCore.Tests.csproj" />
    <Project Path="tests/InteractiveReport.Core.Tests/InteractiveReport.Core.Tests.csproj" />
    <Project Path="tests/InteractiveReport.Live.Tests/InteractiveReport.Live.Tests.csproj" />
  </Folder>
</Solution>
